{
    "_readme": [
        "This file locks the dependencies of your project to a known state",
        "Read more about it at https://getcomposer.org/doc/01-basic-usage.md#composer-lock-the-lock-file",
        "This file is @generated automatically"
    ],
    "hash": "60c8546369eab2a142369dc11d94d764",
    "content-hash": "38a5b3814c6930c2254b730717632e0f",
    "packages": [
        {
            "name": "fguillot/json-rpc",
            "version": "v1.0.3",
            "source": {
                "type": "git",
                "url": "https://github.com/fguillot/JsonRPC.git",
                "reference": "0a77cd311783431c851e4c8eed33858663c17277"
            },
            "dist": {
                "type": "zip",
                "url": "https://api.github.com/repos/fguillot/JsonRPC/zipball/0a77cd311783431c851e4c8eed33858663c17277",
                "reference": "0a77cd311783431c851e4c8eed33858663c17277",
                "shasum": ""
            },
            "require": {
                "php": ">=5.3.4"
            },
            "type": "library",
            "autoload": {
                "psr-0": {
                    "JsonRPC": "src/"
                }
            },
            "notification-url": "https://packagist.org/downloads/",
            "license": [
                "MIT"
            ],
            "authors": [
                {
                    "name": "Frédéric Guillot"
                }
            ],
            "description": "Simple Json-RPC client/server library that just works",
            "homepage": "https://github.com/fguillot/JsonRPC",
            "time": "2015-09-19 02:27:10"
        }
    ],
    "packages-dev": [],
    "aliases": [],
    "minimum-stability": "stable",
    "stability-flags": {
        "fguillot/json-rpc": 0
    },
    "prefer-stable": false,
    "prefer-lowest": false,
    "platform": {
        "php": ">=5.4.0"
    },
    "platform-dev": []
}
